
Microsoft Visual Studio Solution File, Format Version 12.00
# Visual Studio Version 17
VisualStudioVersion = 17.13.35507.96 d17.13
MinimumVisualStudioVersion = 10.0.40219.1
Project("{FAE04EC0-301F-11D3-BF4B-00C04F79EFBC}") = "DemoGeneratePDFwithQuest", "DemoGeneratePDFwithQuest\DemoGeneratePDFwithQuest.csproj", "{5D6E935B-EE3B-4C41-BD1C-35BB9040B908}"
EndProject
Global
	GlobalSection(SolutionConfigurationPlatforms) = preSolution
		Debug|Any CPU = Debug|Any CPU
		Release|Any CPU = Release|Any CPU
	EndGlobalSection
	GlobalSection(ProjectConfigurationPlatforms) = postSolution
		{5D6E935B-EE3B-4C41-BD1C-35BB9040B908}.Debug|Any CPU.ActiveCfg = Debug|Any CPU
		{5D6E935B-EE3B-4C41-BD1C-35BB9040B908}.Debug|Any CPU.Build.0 = Debug|Any CPU
		{5D6E935B-EE3B-4C41-BD1C-35BB9040B908}.Release|Any CPU.ActiveCfg = Release|Any CPU
		{5D6E935B-EE3B-4C41-BD1C-35BB9040B908}.Release|Any CPU.Build.0 = Release|Any CPU
	EndGlobalSection
	GlobalSection(SolutionProperties) = preSolution
		HideSolutionNode = FALSE
	EndGlobalSection
	GlobalSection(ExtensibilityGlobals) = postSolution
		SolutionGuid = {8FE352F0-A2DD-4C04-A892-9E7AD9F26636}
	EndGlobalSection
EndGlobal
